{
  "object": {
    "pins": [
      {
        "package": "Covfefe",
        "repositoryURL": "https://github.com/palle-k/Covfefe.git",
        "state": {
          "branch": null,
          "revision": "33b8f9e07c5e6970ff6241a1eb318d63179fa677",
          "version": "0.6.1"
        }
      },
      {
        "package": "swift-numerics",
        "repositoryURL": "https://github.com/apple/swift-numerics",
        "state": {
          "branch": null,
          "revision": "6b24333510e9044cf4716a07bed65eeed6bc6393",
          "version": "0.0.8"
        }
      }
    ]
  },
  "version": 1
}
